
Microsoft Visual Studio Solution File, Format Version 12.00
# Visual Studio Version 16
VisualStudioVersion = 16.0.33927.289
MinimumVisualStudioVersion = 10.0.40219.1
Project("{FAE04EC0-301F-11D3-BF4B-00C04F79EFBC}") = "Automação cadastro de paciente do Sisgeno para o Pleres", "Automação cadastro de paciente do Sisgeno para o Pleres\Automação cadastro de paciente do Sisgeno para o Pleres.csproj", "{7ADCA394-65AD-4D36-B55F-0BB1E8D15D30}"
EndProject
Global
	GlobalSection(SolutionConfigurationPlatforms) = preSolution
		Debug|Any CPU = Debug|Any CPU
		Release|Any CPU = Release|Any CPU
	EndGlobalSection
	GlobalSection(ProjectConfigurationPlatforms) = postSolution
		{7ADCA394-65AD-4D36-B55F-0BB1E8D15D30}.Debug|Any CPU.ActiveCfg = Debug|Any CPU
		{7ADCA394-65AD-4D36-B55F-0BB1E8D15D30}.Debug|Any CPU.Build.0 = Debug|Any CPU
		{7ADCA394-65AD-4D36-B55F-0BB1E8D15D30}.Release|Any CPU.ActiveCfg = Release|Any CPU
		{7ADCA394-65AD-4D36-B55F-0BB1E8D15D30}.Release|Any CPU.Build.0 = Release|Any CPU
	EndGlobalSection
	GlobalSection(SolutionProperties) = preSolution
		HideSolutionNode = FALSE
	EndGlobalSection
	GlobalSection(ExtensibilityGlobals) = postSolution
		SolutionGuid = {4EDAA9F5-91DD-4E6B-919A-64DE114AB559}
	EndGlobalSection
EndGlobal
